{
  "version": 4,
  "terraform_version": "1.15.7",
  "serial": 1,
  "lineage": "3783e7bb-12bb-a5d3-b13c-088d6c301993",
  "outputs": {},
  "resources": [
    {
      "mode": "managed",
      "type": "grafana_folder",
      "name": "operations",
      "provider": "provider[\"registry.terraform.io/grafana/grafana\"]",
      "instances": [
        {
          "schema_version": 0,
          "attributes": {
            "id": "0:bfr1zi3a9ca9sb",
            "org_id": "0",
            "parent_folder_uid": "",
            "prevent_destroy_if_not_empty": false,
            "title": "Operations",
            "uid": "bfr1zi3a9ca9sb",
            "url": "http://localhost:3000/dashboards/f/bfr1zi3a9ca9sb/operations"
          },
          "sensitive_attributes": [],
          "identity_schema_version": 0,
          "private": "bnVsbA=="
        }
      ]
    }
  ],
  "check_results": null
}
