{
  "version": 4,
  "terraform_version": "1.15.7",
  "serial": 3,
  "lineage": "3783e7bb-12bb-a5d3-b13c-088d6c301993",
  "outputs": {},
  "resources": [
    {
      "mode": "managed",
      "type": "grafana_data_source",
      "name": "victoriametrics",
      "provider": "provider[\"registry.terraform.io/grafana/grafana\"]",
      "instances": [
        {
          "schema_version": 1,
          "attributes": {
            "access_mode": "proxy",
            "basic_auth_enabled": false,
            "basic_auth_username": "",
            "database_name": "",
            "http_headers": null,
            "id": "1:ffr21qt1cmh34e",
            "is_default": true,
            "json_data_encoded": "{}",
            "name": "VictoriaMetrics",
            "org_id": "1",
            "private_data_source_connect_network_id": null,
            "secure_json_data_encoded": null,
            "type": "prometheus",
            "uid": "ffr21qt1cmh34e",
            "url": "http://127.0.0.1:8428/prometheus",
            "username": ""
          },
          "sensitive_attributes": [
            [
              {
                "type": "get_attr",
                "value": "http_headers"
              }
            ],
            [
              {
                "type": "get_attr",
                "value": "secure_json_data_encoded"
              }
            ]
          ],
          "identity_schema_version": 0,
          "private": "eyJzY2hlbWFfdmVyc2lvbiI6IjEifQ=="
        }
      ]
    },
    {
      "mode": "managed",
      "type": "grafana_folder",
      "name": "operations",
      "provider": "provider[\"registry.terraform.io/grafana/grafana\"]",
      "instances": [
        {
          "schema_version": 0,
          "attributes": {
            "id": "0:bfr1zi3a9ca9sb",
            "org_id": "0",
            "parent_folder_uid": "",
            "prevent_destroy_if_not_empty": false,
            "title": "Operations",
            "uid": "bfr1zi3a9ca9sb",
            "url": "http://localhost:3000/dashboards/f/bfr1zi3a9ca9sb/operations"
          },
          "sensitive_attributes": [],
          "identity_schema_version": 0,
          "private": "bnVsbA=="
        }
      ]
    }
  ],
  "check_results": null
}
